
Microsoft Visual Studio Solution File, Format Version 12.00
# Visual Studio Version 16
VisualStudioVersion = 16.0.30128.74
MinimumVisualStudioVersion = 10.0.40219.1
Project("{FAE04EC0-301F-11D3-BF4B-00C04F79EFBC}") = "SignalR_Client1_Demo", "SignalR_Client1_Demo\SignalR_Client1_Demo.csproj", "{D7D285F6-B54B-41FB-B4B4-5180F6C1A298}"
EndProject
Global
	GlobalSection(SolutionConfigurationPlatforms) = preSolution
		Debug|Any CPU = Debug|Any CPU
		Release|Any CPU = Release|Any CPU
	EndGlobalSection
	GlobalSection(ProjectConfigurationPlatforms) = postSolution
		{D7D285F6-B54B-41FB-B4B4-5180F6C1A298}.Debug|Any CPU.ActiveCfg = Debug|Any CPU
		{D7D285F6-B54B-41FB-B4B4-5180F6C1A298}.Debug|Any CPU.Build.0 = Debug|Any CPU
		{D7D285F6-B54B-41FB-B4B4-5180F6C1A298}.Release|Any CPU.ActiveCfg = Release|Any CPU
		{D7D285F6-B54B-41FB-B4B4-5180F6C1A298}.Release|Any CPU.Build.0 = Release|Any CPU
	EndGlobalSection
	GlobalSection(SolutionProperties) = preSolution
		HideSolutionNode = FALSE
	EndGlobalSection
	GlobalSection(ExtensibilityGlobals) = postSolution
		SolutionGuid = {8FD897FD-B946-495A-88D7-A098926B5F72}
	EndGlobalSection
EndGlobal
